# Generated by buf. DO NOT EDIT.
version: v2
deps:
  - name: buf.build/googleapis/googleapis
    commit: 004180b77378443887d3b55cabc00384
    digest: b5:e8f475fe3330f31f5fd86ac689093bcd274e19611a09db91f41d637cb9197881ce89882b94d13a58738e53c91c6e4bae7dc1feba85f590164c975a89e25115dc
  - name: buf.build/trai/remote-apis
    commit: cd1f70287e8945c5aa4b11a7b4146324
    digest: b5:0d156a7e515c62b42770078f397448c9cc856fe033876e3b93197996bc4cc1aea629adcee0e54a684f3fb99ff50900966289d095fe84e164b57067cf76a4cd4f
